
Microsoft Visual Studio Solution File, Format Version 12.00
# Visual Studio Version 17
VisualStudioVersion = 17.8.34525.116
MinimumVisualStudioVersion = 10.0.40219.1
Project("{2150E333-8FDC-42A3-9474-1A3956D46DE8}") = "1 - Services", "1 - Services", "{CFC5FA6F-FE70-4A7B-9793-0D990396B9B1}"
EndProject
Project("{2150E333-8FDC-42A3-9474-1A3956D46DE8}") = "2 - Application", "2 - Application", "{86AEECD0-A9F6-4372-8C89-03AD0533ADF6}"
EndProject
Project("{2150E333-8FDC-42A3-9474-1A3956D46DE8}") = "3 - Domain", "3 - Domain", "{1E662EB5-870F-4997-881F-6BD11002471B}"
EndProject
Project("{2150E333-8FDC-42A3-9474-1A3956D46DE8}") = "4 - Infra", "4 - Infra", "{CC609F32-BE77-4F45-875A-17C0F1C9E5EA}"
EndProject
Project("{2150E333-8FDC-42A3-9474-1A3956D46DE8}") = "5 - Tests", "5 - Tests", "{EB475C57-D463-40C2-8794-E37FBED12058}"
EndProject
Project("{2150E333-8FDC-42A3-9474-1A3956D46DE8}") = "4.1 - Data", "4.1 - Data", "{4B4BFD82-CC94-4B5F-B0F5-9321F61C35D4}"
EndProject
Project("{2150E333-8FDC-42A3-9474-1A3956D46DE8}") = "4.2 - CrossCutting", "4.2 - CrossCutting", "{11004A0B-1F37-4C00-9BC1-F6306390848B}"
EndProject
Project("{9A19103F-16F7-4668-BE54-9A1E7A4F7556}") = "AB-INBEV.Domain", "src\AB-INBEV.Domain\AB-INBEV.Domain.csproj", "{CC7DCC75-5802-44D7-9FF5-F89B49681FA6}"
EndProject
Project("{9A19103F-16F7-4668-BE54-9A1E7A4F7556}") = "AB-INBEV.Domain.Core", "src\AB-INBEV.Domain.Core\AB-INBEV.Domain.Core.csproj", "{29AAACFA-F2A1-4E8B-BA93-C6EC7B9351BB}"
EndProject
Project("{9A19103F-16F7-4668-BE54-9A1E7A4F7556}") = "AB-INBEV.Infra.Data", "src\AB-INBEV.Infra.Data\AB-INBEV.Infra.Data.csproj", "{457BD397-B072-4880-996E-F3C5C298A783}"
EndProject
Project("{9A19103F-16F7-4668-BE54-9A1E7A4F7556}") = "AB-INBEV.CrossCutting.Bus", "src\AB-INBEV.CrossCutting.Bus\AB-INBEV.CrossCutting.Bus.csproj", "{FAECBB78-9DD7-48E8-B26C-4DFA62147CF1}"
EndProject
Project("{9A19103F-16F7-4668-BE54-9A1E7A4F7556}") = "AB-INBEV.CrossCutting.Identity", "src\AB-INBEV.CrossCutting.Identity\AB-INBEV.CrossCutting.Identity.csproj", "{26CA11AB-C8D0-45C9-A28E-09EA8A845108}"
EndProject
Project("{9A19103F-16F7-4668-BE54-9A1E7A4F7556}") = "AB-INBEV.CrossCutting.IoC", "src\AB-INBEV.CrossCutting.IoC\AB-INBEV.CrossCutting.IoC.csproj", "{D66E3FCD-9459-4C30-9C53-9B4FC1C79D5E}"
EndProject
Project("{9A19103F-16F7-4668-BE54-9A1E7A4F7556}") = "AB-INBEV.Application", "src\AB-INBEV.Application\AB-INBEV.Application.csproj", "{CC93AFDD-2812-4582-B863-B45C57DFDCFF}"
EndProject
Project("{9A19103F-16F7-4668-BE54-9A1E7A4F7556}") = "AB-INBEV.Services.API", "src\AB-INBEV.Services.API\AB-INBEV.Services.API.csproj", "{2215B4E0-63E6-479F-9A6F-77F1269C20F6}"
EndProject
Project("{9A19103F-16F7-4668-BE54-9A1E7A4F7556}") = "AB-INBEV.Application.UnitTests", "tests\AB-INBEV.Application.UnitTests\AB-INBEV.Application.UnitTests.csproj", "{229948AF-25AF-448F-85B7-B78F047186A1}"
EndProject
Project("{9A19103F-16F7-4668-BE54-9A1E7A4F7556}") = "AB-INBEV.Services.API.IntegrationTests", "tests\AB-INBEV.Services.API.IntegrationTests\AB-INBEV.Services.API.IntegrationTests.csproj", "{E27B6F16-1C29-49F6-979B-86F043C0F7F1}"
EndProject
Project("{E53339B2-1760-4266-BCC7-CA923CBCF16C}") = "docker-compose", "docker-compose.dcproj", "{CE18E264-DBD1-44C8-9210-107D19F883C9}"
EndProject
Global
	GlobalSection(SolutionConfigurationPlatforms) = preSolution
		Debug|Any CPU = Debug|Any CPU
		Release|Any CPU = Release|Any CPU
	EndGlobalSection
	GlobalSection(ProjectConfigurationPlatforms) = postSolution
		{CC7DCC75-5802-44D7-9FF5-F89B49681FA6}.Debug|Any CPU.ActiveCfg = Debug|Any CPU
		{CC7DCC75-5802-44D7-9FF5-F89B49681FA6}.Debug|Any CPU.Build.0 = Debug|Any CPU
		{CC7DCC75-5802-44D7-9FF5-F89B49681FA6}.Release|Any CPU.ActiveCfg = Release|Any CPU
		{CC7DCC75-5802-44D7-9FF5-F89B49681FA6}.Release|Any CPU.Build.0 = Release|Any CPU
		{29AAACFA-F2A1-4E8B-BA93-C6EC7B9351BB}.Debug|Any CPU.ActiveCfg = Debug|Any CPU
		{29AAACFA-F2A1-4E8B-BA93-C6EC7B9351BB}.Debug|Any CPU.Build.0 = Debug|Any CPU
		{29AAACFA-F2A1-4E8B-BA93-C6EC7B9351BB}.Release|Any CPU.ActiveCfg = Release|Any CPU
		{29AAACFA-F2A1-4E8B-BA93-C6EC7B9351BB}.Release|Any CPU.Build.0 = Release|Any CPU
		{457BD397-B072-4880-996E-F3C5C298A783}.Debug|Any CPU.ActiveCfg = Debug|Any CPU
		{457BD397-B072-4880-996E-F3C5C298A783}.Debug|Any CPU.Build.0 = Debug|Any CPU
		{457BD397-B072-4880-996E-F3C5C298A783}.Release|Any CPU.ActiveCfg = Release|Any CPU
		{457BD397-B072-4880-996E-F3C5C298A783}.Release|Any CPU.Build.0 = Release|Any CPU
		{FAECBB78-9DD7-48E8-B26C-4DFA62147CF1}.Debug|Any CPU.ActiveCfg = Debug|Any CPU
		{FAECBB78-9DD7-48E8-B26C-4DFA62147CF1}.Debug|Any CPU.Build.0 = Debug|Any CPU
		{FAECBB78-9DD7-48E8-B26C-4DFA62147CF1}.Release|Any CPU.ActiveCfg = Release|Any CPU
		{FAECBB78-9DD7-48E8-B26C-4DFA62147CF1}.Release|Any CPU.Build.0 = Release|Any CPU
		{26CA11AB-C8D0-45C9-A28E-09EA8A845108}.Debug|Any CPU.ActiveCfg = Debug|Any CPU
		{26CA11AB-C8D0-45C9-A28E-09EA8A845108}.Debug|Any CPU.Build.0 = Debug|Any CPU
		{26CA11AB-C8D0-45C9-A28E-09EA8A845108}.Release|Any CPU.ActiveCfg = Release|Any CPU
		{26CA11AB-C8D0-45C9-A28E-09EA8A845108}.Release|Any CPU.Build.0 = Release|Any CPU
		{D66E3FCD-9459-4C30-9C53-9B4FC1C79D5E}.Debug|Any CPU.ActiveCfg = Debug|Any CPU
		{D66E3FCD-9459-4C30-9C53-9B4FC1C79D5E}.Debug|Any CPU.Build.0 = Debug|Any CPU
		{D66E3FCD-9459-4C30-9C53-9B4FC1C79D5E}.Release|Any CPU.ActiveCfg = Release|Any CPU
		{D66E3FCD-9459-4C30-9C53-9B4FC1C79D5E}.Release|Any CPU.Build.0 = Release|Any CPU
		{CC93AFDD-2812-4582-B863-B45C57DFDCFF}.Debug|Any CPU.ActiveCfg = Debug|Any CPU
		{CC93AFDD-2812-4582-B863-B45C57DFDCFF}.Debug|Any CPU.Build.0 = Debug|Any CPU
		{CC93AFDD-2812-4582-B863-B45C57DFDCFF}.Release|Any CPU.ActiveCfg = Release|Any CPU
		{CC93AFDD-2812-4582-B863-B45C57DFDCFF}.Release|Any CPU.Build.0 = Release|Any CPU
		{2215B4E0-63E6-479F-9A6F-77F1269C20F6}.Debug|Any CPU.ActiveCfg = Debug|Any CPU
		{2215B4E0-63E6-479F-9A6F-77F1269C20F6}.Debug|Any CPU.Build.0 = Debug|Any CPU
		{2215B4E0-63E6-479F-9A6F-77F1269C20F6}.Release|Any CPU.ActiveCfg = Release|Any CPU
		{2215B4E0-63E6-479F-9A6F-77F1269C20F6}.Release|Any CPU.Build.0 = Release|Any CPU
		{229948AF-25AF-448F-85B7-B78F047186A1}.Debug|Any CPU.ActiveCfg = Debug|Any CPU
		{229948AF-25AF-448F-85B7-B78F047186A1}.Debug|Any CPU.Build.0 = Debug|Any CPU
		{229948AF-25AF-448F-85B7-B78F047186A1}.Release|Any CPU.ActiveCfg = Release|Any CPU
		{229948AF-25AF-448F-85B7-B78F047186A1}.Release|Any CPU.Build.0 = Release|Any CPU
		{E27B6F16-1C29-49F6-979B-86F043C0F7F1}.Debug|Any CPU.ActiveCfg = Debug|Any CPU
		{E27B6F16-1C29-49F6-979B-86F043C0F7F1}.Debug|Any CPU.Build.0 = Debug|Any CPU
		{E27B6F16-1C29-49F6-979B-86F043C0F7F1}.Release|Any CPU.ActiveCfg = Release|Any CPU
		{E27B6F16-1C29-49F6-979B-86F043C0F7F1}.Release|Any CPU.Build.0 = Release|Any CPU
		{CE18E264-DBD1-44C8-9210-107D19F883C9}.Debug|Any CPU.ActiveCfg = Debug|Any CPU
		{CE18E264-DBD1-44C8-9210-107D19F883C9}.Debug|Any CPU.Build.0 = Debug|Any CPU
		{CE18E264-DBD1-44C8-9210-107D19F883C9}.Release|Any CPU.ActiveCfg = Release|Any CPU
		{CE18E264-DBD1-44C8-9210-107D19F883C9}.Release|Any CPU.Build.0 = Release|Any CPU
	EndGlobalSection
	GlobalSection(SolutionProperties) = preSolution
		HideSolutionNode = FALSE
	EndGlobalSection
	GlobalSection(NestedProjects) = preSolution
		{4B4BFD82-CC94-4B5F-B0F5-9321F61C35D4} = {CC609F32-BE77-4F45-875A-17C0F1C9E5EA}
		{11004A0B-1F37-4C00-9BC1-F6306390848B} = {CC609F32-BE77-4F45-875A-17C0F1C9E5EA}
		{CC7DCC75-5802-44D7-9FF5-F89B49681FA6} = {1E662EB5-870F-4997-881F-6BD11002471B}
		{29AAACFA-F2A1-4E8B-BA93-C6EC7B9351BB} = {1E662EB5-870F-4997-881F-6BD11002471B}
		{457BD397-B072-4880-996E-F3C5C298A783} = {4B4BFD82-CC94-4B5F-B0F5-9321F61C35D4}
		{FAECBB78-9DD7-48E8-B26C-4DFA62147CF1} = {11004A0B-1F37-4C00-9BC1-F6306390848B}
		{26CA11AB-C8D0-45C9-A28E-09EA8A845108} = {11004A0B-1F37-4C00-9BC1-F6306390848B}
		{D66E3FCD-9459-4C30-9C53-9B4FC1C79D5E} = {11004A0B-1F37-4C00-9BC1-F6306390848B}
		{CC93AFDD-2812-4582-B863-B45C57DFDCFF} = {86AEECD0-A9F6-4372-8C89-03AD0533ADF6}
		{2215B4E0-63E6-479F-9A6F-77F1269C20F6} = {CFC5FA6F-FE70-4A7B-9793-0D990396B9B1}
		{229948AF-25AF-448F-85B7-B78F047186A1} = {EB475C57-D463-40C2-8794-E37FBED12058}
		{E27B6F16-1C29-49F6-979B-86F043C0F7F1} = {EB475C57-D463-40C2-8794-E37FBED12058}
	EndGlobalSection
	GlobalSection(ExtensibilityGlobals) = postSolution
		SolutionGuid = {D99A815F-18CE-4691-98E6-E5E206387F8C}
	EndGlobalSection
EndGlobal
